// !$*UTF8*$!
{
	archiveVersion = 1;
	classes = {
	};
	objectVersion = 46;
	objects = {

/* Begin PBXBuildFile section */
		D64928BC1CD3A87E00B41D41 /* AppDelegate.swift in Sources */ = {isa = PBXBuildFile; fileRef = D64928BB1CD3A87E00B41D41 /* AppDelegate.swift */; };
		D64928BE1CD3A87E00B41D41 /* ViewController.swift in Sources */ = {isa = PBXBuildFile; fileRef = D64928BD1CD3A87E00B41D41 /* ViewController.swift */; };
		D64928C11CD3A87E00B41D41 /* Main.storyboard in Resources */ = {isa = PBXBuildFile; fileRef = D64928BF1CD3A87E00B41D41 /* Main.storyboard */; };
		D64928C31CD3A87F00B41D41 /* Assets.xcassets in Resources */ = {isa = PBXBuildFile; fileRef = D64928C21CD3A87F00B41D41 /* Assets.xcassets */; };
		D64928C61CD3A87F00B41D41 /* LaunchScreen.storyboard in Resources */ = {isa = PBXBuildFile; fileRef = D64928C41CD3A87F00B41D41 /* LaunchScreen.storyboard */; };
/* End PBXBuildFile section */

/* Begin PBXFileReference section */
		D64928B81CD3A87E00B41D41 /* Quiz.app */ = {isa = PBXFileReference; explicitFileType = wrapper.application; includeInIndex = 0; path = Quiz.app; sourceTree = BUILT_PRODUCTS_DIR; };
		D64928BB1CD3A87E00B41D41 /* AppDelegate.swift */ = {isa = PBXFileReference; lastKnownFileType = sourcecode.swift; path = AppDelegate.swift; sourceTree = "<group>"; };
		D64928BD1CD3A87E00B41D41 /* ViewController.swift */ = {isa = PBXFileReference; lastKnownFileType = sourcecode.swift; path = ViewController.swift; sourceTree = "<group>"; };
		D64928C01CD3A87E00B41D41 /* Base */ = {isa = PBXFileReference; lastKnownFileType = file.storyboard; name = Base; path = Base.lproj/Main.storyboard; sourceTree = "<group>"; };
		D64928C21CD3A87F00B41D41 /* Assets.xcassets */ = {isa = PBXFileReference; lastKnownFileType = folder.assetcatalog; path = Assets.xcassets; sourceTree = "<group>"; };
		D64928C51CD3A87F00B41D41 /* Base */ = {isa = PBXFileReference; lastKnownFileType = file.storyboard; name = Base; path = Base.lproj/LaunchScreen.storyboard; sourceTree = "<group>"; };
		D64928C71CD3A87F00B41D41 /* Info.plist */ = {isa = PBXFileReference; lastKnownFileType = text.plist.xml; path = Info.plist; sourceTree = "<group>"; };
/* End PBXFileReference section */

/* Begin PBXFrameworksBuildPhase section */
		D64928B51CD3A87E00B41D41 /* Frameworks */ = {
			isa = PBXFrameworksBuildPhase;
			buildActionMask = 2147483647;
			files = (
			);
			runOnlyForDeploymentPostprocessing = 0;
		};
/* End PBXFrameworksBuildPhase section */

/* Begin PBXGroup section */
		D64928AF1CD3A87E00B41D41 = {
			isa = PBXGroup;
			children = (
				D64928BA1CD3A87E00B41D41 /* Quiz */,
				D64928B91CD3A87E00B41D41 /* Products */,
			);
			sourceTree = "<group>";
		};
		D64928B91CD3A87E00B41D41 /* Products */ = {
			isa = PBXGroup;
			children = (
				D64928B81CD3A87E00B41D41 /* Quiz.app */,
			);
			name = Products;
			sourceTree = "<group>";
		};
		D64928BA1CD3A87E00B41D41 /* Quiz */ = {
			isa = PBXGroup;
			children = (
				D64928BB1CD3A87E00B41D41 /* AppDelegate.swift */,
				D64928BD1CD3A87E00B41D41 /* ViewController.swift */,
				D64928BF1CD3A87E00B41D41 /* Main.storyboard */,
				D64928C21CD3A87F00B41D41 /* Assets.xcassets */,
				D64928C41CD3A87F00B41D41 /* LaunchScreen.storyboard */,
				D64928C71CD3A87F00B41D41 /* Info.plist */,
			);
			path = Quiz;
			sourceTree = "<group>";
		};
/* End PBXGroup section */

/* Begin PBXNativeTarget section */
		D64928B71CD3A87E00B41D41 /* Quiz */ = {
			isa = PBXNativeTarget;
			buildConfigurationList = D64928CA1CD3A87F00B41D41 /* Build configuration list for PBXNativeTarget "Quiz" */;
			buildPhases = (
				D64928B41CD3A87E00B41D41 /* Sources */,
				D64928B51CD3A87E00B41D41 /* Frameworks */,
				D64928B61CD3A87E00B41D41 /* Resources */,
			);
			buildRules = (
			);
			dependencies = (
			);
			name = Quiz;
			productName = Quiz;
			productReference = D64928B81CD3A87E00B41D41 /* Quiz.app */;
			productType = "com.apple.product-type.application";
		};
/* End PBXNativeTarget section */

/* Begin PBXProject section */
		D64928B01CD3A87E00B41D41 /* Project object */ = {
			isa = PBXProject;
			attributes = {
				LastSwiftUpdateCheck = 0730;
				LastUpgradeCheck = 0730;
				ORGANIZATIONNAME = "JP TOMBERLIN";
				TargetAttributes = {
					D64928B71CD3A87E00B41D41 = {
						CreatedOnToolsVersion = 7.3;
					};
				};
			};
			buildConfigurationList = D64928B31CD3A87E00B41D41 /* Build configuration list for PBXProject "Quiz" */;
			compatibilityVersion = "Xcode 3.2";
			developmentRegion = English;
			hasScannedForEncodings = 0;
			knownRegions = (
				en,
				Base,
			);
			mainGroup = D64928AF1CD3A87E00B41D41;
			productRefGroup = D64928B91CD3A87E00B41D41 /* Products */;
			projectDirPath = "";
			projectRoot = "";
			targets = (
				D64928B71CD3A87E00B41D41 /* Quiz */,
			);
		};
/* End PBXProject section */

/* Begin PBXResourcesBuildPhase section */
		D64928B61CD3A87E00B41D41 /* Resources */ = {
			isa = PBXResourcesBuildPhase;
			buildActionMask = 2147483647;
			files = (
				D64928C61CD3A87F00B41D41 /* LaunchScreen.storyboard in Resources */,
				D64928C31CD3A87F00B41D41 /* Assets.xcassets in Resources */,
				D64928C11CD3A87E00B41D41 /* Main.storyboard in Resources */,
			);
			runOnlyForDeploymentPostprocessing = 0;
		};
/* End PBXResourcesBuildPhase section */

/* Begin PBXSourcesBuildPhase section */
		D64928B41CD3A87E00B41D41 /* Sources */ = {
			isa = PBXSourcesBuildPhase;
			buildActionMask = 2147483647;
			files = (
				D64928BE1CD3A87E00B41D41 /* ViewController.swift in Sources */,
				D64928BC1CD3A87E00B41D41 /* AppDelegate.swift in Sources */,
			);
			runOnlyForDeploymentPostprocessing = 0;
		};
/* End PBXSourcesBuildPhase section */

/* Begin PBXVariantGroup section */
		D64928BF1CD3A87E00B41D41 /* Main.storyboard */ = {
			isa = PBXVariantGroup;
			children = (
				D64928C01CD3A87E00B41D41 /* Base */,
			);
			name = Main.storyboard;
			sourceTree = "<group>";
		};
		D64928C41CD3A87F00B41D41 /* LaunchScreen.storyboard */ = {
			isa = PBXVariantGroup;
			children = (
				D64928C51CD3A87F00B41D41 /* Base */,
			);
			name = LaunchScreen.storyboard;
			sourceTree = "<group>";
		};
/* End PBXVariantGroup section */

/* Begin XCBuildConfiguration section */
		D64928C81CD3A87F00B41D41 /* Debug */ = {
			isa = XCBuildConfiguration;
			buildSettings = {
				ALWAYS_SEARCH_USER_PATHS = NO;
				CLANG_ANALYZER_NONNULL = YES;
				CLANG_CXX_LANGUAGE_STANDARD = "gnu++0x";
				CLANG_CXX_LIBRARY = "libc++";
				CLANG_ENABLE_MODULES = YES;
				CLANG_ENABLE_OBJC_ARC = YES;
				CLANG_WARN_BOOL_CONVERSION = YES;
				CLANG_WARN_CONSTANT_CONVERSION = YES;
				CLANG_WARN_DIRECT_OBJC_ISA_USAGE = YES_ERROR;
				CLANG_WARN_EMPTY_BODY = YES;
				CLANG_WARN_ENUM_CONVERSION = YES;
				CLANG_WARN_INT_CONVERSION = YES;
				CLANG_WARN_OBJC_ROOT_CLASS = YES_ERROR;
				CLANG_WARN_UNREACHABLE_CODE = YES;
				CLANG_WARN__DUPLICATE_METHOD_MATCH = YES;
				"CODE_SIGN_IDENTITY[sdk=iphoneos*]" = "iPhone Developer";
				COPY_PHASE_STRIP = NO;
				DEBUG_INFORMATION_FORMAT = dwarf;
				ENABLE_STRICT_OBJC_MSGSEND = YES;
				ENABLE_TESTABILITY = YES;
				GCC_C_LANGUAGE_STANDARD = gnu99;
				GCC_DYNAMIC_NO_PIC = NO;
				GCC_NO_COMMON_BLOCKS = YES;
				GCC_OPTIMIZATION_LEVEL = 0;
				GCC_PREPROCESSOR_DEFINITIONS = (
					"DEBUG=1",
					"$(inherited)",
				);
				GCC_WARN_64_TO_32_BIT_CONVERSION = YES;
				GCC_WARN_ABOUT_RETURN_TYPE = YES_ERROR;
				GCC_WARN_UNDECLARED_SELECTOR = YES;
				GCC_WARN_UNINITIALIZED_AUTOS = YES_AGGRESSIVE;
				GCC_WARN_UNUSED_FUNCTION = YES;
				GCC_WARN_UNUSED_VARIABLE = YES;
				IPHONEOS_DEPLOYMENT_TARGET = 9.3;
				MTL_ENABLE_DEBUG_INFO = YES;
				ONLY_ACTIVE_ARCH = YES;
				SDKROOT = iphoneos;
				SWIFT_OPTIMIZATION_LEVEL = "-Onone";
				TARGETED_DEVICE_FAMILY = "1,2";
			};
			name = Debug;
		};
		D64928C91CD3A87F00B41D41 /* Release */ = {
			isa = XCBuildConfiguration;
			buildSettings = {
				ALWAYS_SEARCH_USER_PATHS = NO;
				CLANG_ANALYZER_NONNULL = YES;
				CLANG_CXX_LANGUAGE_STANDARD = "gnu++0x";
				CLANG_CXX_LIBRARY = "libc++";
				CLANG_ENABLE_MODULES = YES;
				CLANG_ENABLE_OBJC_ARC = YES;
				CLANG_WARN_BOOL_CONVERSION = YES;
				CLANG_WARN_CONSTANT_CONVERSION = YES;
				CLANG_WARN_DIRECT_OBJC_ISA_USAGE = YES_ERROR;
				CLANG_WARN_EMPTY_BODY = YES;
				CLANG_WARN_ENUM_CONVERSION = YES;
				CLANG_WARN_INT_CONVERSION = YES;
				CLANG_WARN_OBJC_ROOT_CLASS = YES_ERROR;
				CLANG_WARN_UNREACHABLE_CODE = YES;
				CLANG_WARN__DUPLICATE_METHOD_MATCH = YES;
				"CODE_SIGN_IDENTITY[sdk=iphoneos*]" = "iPhone Developer";
				COPY_PHASE_STRIP = NO;
				DEBUG_INFORMATION_FORMAT = "dwarf-with-dsym";
				ENABLE_NS_ASSERTIONS = NO;
				ENABLE_STRICT_OBJC_MSGSEND = YES;
				GCC_C_LANGUAGE_STANDARD = gnu99;
				GCC_NO_COMMON_BLOCKS = YES;
				GCC_WARN_64_TO_32_BIT_CONVERSION = YES;
				GCC_WARN_ABOUT_RETURN_TYPE = YES_ERROR;
				GCC_WARN_UNDECLARED_SELECTOR = YES;
				GCC_WARN_UNINITIALIZED_AUTOS = YES_AGGRESSIVE;
				GCC_WARN_UNUSED_FUNCTION = YES;
				GCC_WARN_UNUSED_VARIABLE = YES;
				IPHONEOS_DEPLOYMENT_TARGET = 9.3;
				MTL_ENABLE_DEBUG_INFO = NO;
				SDKROOT = iphoneos;
				TARGETED_DEVICE_FAMILY = "1,2";
				VALIDATE_PRODUCT = YES;
			};
			name = Release;
		};
		D64928CB1CD3A87F00B41D41 /* Debug */ = {
			isa = XCBuildConfiguration;
			buildSettings = {
				ASSETCATALOG_COMPILER_APPICON_NAME = AppIcon;
				INFOPLIST_FILE = Quiz/Info.plist;
				LD_RUNPATH_SEARCH_PATHS = "$(inherited) @executable_path/Frameworks";
				PRODUCT_BUNDLE_IDENTIFIER = jptomberlin.Quiz;
				PRODUCT_NAME = "$(TARGET_NAME)";
			};
			name = Debug;
		};
		D64928CC1CD3A87F00B41D41 /* Release */ = {
			isa = XCBuildConfiguration;
			buildSettings = {
				ASSETCATALOG_COMPILER_APPICON_NAME = AppIcon;
				INFOPLIST_FILE = Quiz/Info.plist;
				LD_RUNPATH_SEARCH_PATHS = "$(inherited) @executable_path/Frameworks";
				PRODUCT_BUNDLE_IDENTIFIER = jptomberlin.Quiz;
				PRODUCT_NAME = "$(TARGET_NAME)";
			};
			name = Release;
		};
/* End XCBuildConfiguration section */

/* Begin XCConfigurationList section */
		D64928B31CD3A87E00B41D41 /* Build configuration list for PBXProject "Quiz" */ = {
			isa = XCConfigurationList;
			buildConfigurations = (
				D64928C81CD3A87F00B41D41 /* Debug */,
				D64928C91CD3A87F00B41D41 /* Release */,
			);
			defaultConfigurationIsVisible = 0;
			defaultConfigurationName = Release;
		};
		D64928CA1CD3A87F00B41D41 /* Build configuration list for PBXNativeTarget "Quiz" */ = {
			isa = XCConfigurationList;
			buildConfigurations = (
				D64928CB1CD3A87F00B41D41 /* Debug */,
				D64928CC1CD3A87F00B41D41 /* Release */,
			);
			defaultConfigurationIsVisible = 0;
			defaultConfigurationName = Release;
		};
/* End XCConfigurationList section */
	};
	rootObject = D64928B01CD3A87E00B41D41 /* Project object */;
}
